
Microsoft Visual Studio Solution File, Format Version 12.00
# Visual Studio Version 16
VisualStudioVersion = 16.0.29806.167
MinimumVisualStudioVersion = 10.0.40219.1
Project("{9A19103F-16F7-4668-BE54-9A1E7A4F7556}") = "ListOfNames", "Programming\ListOfNames\ListOfNames.csproj", "{FDCCE6C2-F7E8-4023-94B9-3A5FFBFBE187}"
EndProject
Project("{9A19103F-16F7-4668-BE54-9A1E7A4F7556}") = "ListOfVehicles", "Programming\ListOfVehicles\ListOfVehicles.csproj", "{2DC1BF99-A599-42AC-8F59-1BAD685FDC65}"
EndProject
Project("{9A19103F-16F7-4668-BE54-9A1E7A4F7556}") = "ListOfPersons", "Programming\ListOfPersons\ListOfPersons.csproj", "{37AC6CF5-2F3F-4895-8C81-69154F3B8A87}"
EndProject
Project("{9A19103F-16F7-4668-BE54-9A1E7A4F7556}") = "ListOfDevices", "Programming\ListOfDevices\ListOfDevices.csproj", "{5EC367DD-D841-4039-A234-FE6D9EF703BC}"
EndProject
Project("{9A19103F-16F7-4668-BE54-9A1E7A4F7556}") = "ListOfFruits", "Programming\ListOfFruits\ListOfFruits.csproj", "{F9E3F24F-1F55-4110-AD29-23B01BB70699}"
EndProject
Project("{9A19103F-16F7-4668-BE54-9A1E7A4F7556}") = "ListOfCountries", "Programming\ListOfCountries\ListOfCountries.csproj", "{36B453B0-3732-49B8-A83E-83F7182E5169}"
EndProject
Project("{9A19103F-16F7-4668-BE54-9A1E7A4F7556}") = "ListOfFurniture", "Programming\ListOfFurniture\ListOfFurniture.csproj", "{9BB965BB-99EE-46CF-ACB0-474AC3B91E04}"
EndProject
Project("{9A19103F-16F7-4668-BE54-9A1E7A4F7556}") = "ListOfBirds", "Programming\ListOfBirds\ListOfBirds.csproj", "{C359C5D1-4237-4441-95C2-8F12A51F2EFB}"
EndProject
Project("{9A19103F-16F7-4668-BE54-9A1E7A4F7556}") = "ListOfCosmetics", "Programming\ListOfCosmetics\ListOfCosmetics.csproj", "{E1B031DC-CD23-42D7-A8F7-3D61C83298A5}"
EndProject
Project("{9A19103F-16F7-4668-BE54-9A1E7A4F7556}") = "Nicolcho", "Programming\Nicolcho\Nicolcho.csproj", "{52D28B90-7157-4BC9-A654-8D667D259181}"
EndProject
Project("{9A19103F-16F7-4668-BE54-9A1E7A4F7556}") = "ListOfStocks", "Programming\ListOfStocks\ListOfStocks.csproj", "{CAE0711B-57CB-4F59-8AFD-D74782C0713E}"
EndProject
Project("{9A19103F-16F7-4668-BE54-9A1E7A4F7556}") = "Dictionary", "Programming\Dictionary\Dictionary.csproj", "{73C1EDA2-A221-4468-A0ED-A1422D460F66}"
EndProject
Project("{9A19103F-16F7-4668-BE54-9A1E7A4F7556}") = "Quarters", "Programming\Quarters\Quarters.csproj", "{D8F8F091-724A-4A28-948E-322861C8A4BD}"
EndProject
Project("{9A19103F-16F7-4668-BE54-9A1E7A4F7556}") = "Cakes", "Programming\Cakes\Cakes.csproj", "{5533181D-E10E-4998-A3E2-F61741FD6DCF}"
EndProject
Project("{9A19103F-16F7-4668-BE54-9A1E7A4F7556}") = "Flats", "Programming\Flats\Flats.csproj", "{3B4DD320-19BA-4ED4-9EF6-A7060C701D89}"
EndProject
Project("{9A19103F-16F7-4668-BE54-9A1E7A4F7556}") = "Market", "Programming\Market\Market.csproj", "{38FED857-FF8A-4D84-AA16-FC2309FD7D87}"
EndProject
Project("{2150E333-8FDC-42A3-9474-1A3956D46DE8}") = "Programming", "Programming", "{F96D35B1-2681-4DAF-808C-81C78B6FC693}"
EndProject
Project("{2150E333-8FDC-42A3-9474-1A3956D46DE8}") = "SeleniumAutomation", "SeleniumAutomation", "{B7834228-755B-4364-9A3D-5F1EBB7E6A2C}"
EndProject
Project("{9A19103F-16F7-4668-BE54-9A1E7A4F7556}") = "SeleniumAdvanced", "SeleniumAutomation\SeleniumAdvanced\SeleniumAdvanced.csproj", "{7663D6F3-E489-4479-93A1-1983FCB7AEB0}"
EndProject
Project("{9A19103F-16F7-4668-BE54-9A1E7A4F7556}") = "SeleniumBasics", "SeleniumAutomation\SeleniumBasics\SeleniumBasics.csproj", "{99482C95-CBD1-4D4B-8D91-36B03E98D09E}"
EndProject
Project("{2150E333-8FDC-42A3-9474-1A3956D46DE8}") = "StyleCop", "StyleCop", "{B13FCF3E-C4AD-45CB-BB48-CE59679CDD09}"
	ProjectSection(SolutionItems) = preProject
		StyleCop\stylecop.json = StyleCop\stylecop.json
		StyleCop\StyleCop.ruleset = StyleCop\StyleCop.ruleset
	EndProjectSection
EndProject
Project("{9A19103F-16F7-4668-BE54-9A1E7A4F7556}") = "Animals", "Programming\Animals\Animals.csproj", "{66F7EE40-77B2-462D-A467-D6B6F78702EC}"
EndProject
Global
	GlobalSection(SolutionConfigurationPlatforms) = preSolution
		Debug|Any CPU = Debug|Any CPU
		Release|Any CPU = Release|Any CPU
	EndGlobalSection
	GlobalSection(ProjectConfigurationPlatforms) = postSolution
		{FDCCE6C2-F7E8-4023-94B9-3A5FFBFBE187}.Debug|Any CPU.ActiveCfg = Debug|Any CPU
		{FDCCE6C2-F7E8-4023-94B9-3A5FFBFBE187}.Debug|Any CPU.Build.0 = Debug|Any CPU
		{FDCCE6C2-F7E8-4023-94B9-3A5FFBFBE187}.Release|Any CPU.ActiveCfg = Release|Any CPU
		{FDCCE6C2-F7E8-4023-94B9-3A5FFBFBE187}.Release|Any CPU.Build.0 = Release|Any CPU
		{2DC1BF99-A599-42AC-8F59-1BAD685FDC65}.Debug|Any CPU.ActiveCfg = Debug|Any CPU
		{2DC1BF99-A599-42AC-8F59-1BAD685FDC65}.Debug|Any CPU.Build.0 = Debug|Any CPU
		{2DC1BF99-A599-42AC-8F59-1BAD685FDC65}.Release|Any CPU.ActiveCfg = Release|Any CPU
		{2DC1BF99-A599-42AC-8F59-1BAD685FDC65}.Release|Any CPU.Build.0 = Release|Any CPU
		{37AC6CF5-2F3F-4895-8C81-69154F3B8A87}.Debug|Any CPU.ActiveCfg = Debug|Any CPU
		{37AC6CF5-2F3F-4895-8C81-69154F3B8A87}.Debug|Any CPU.Build.0 = Debug|Any CPU
		{37AC6CF5-2F3F-4895-8C81-69154F3B8A87}.Release|Any CPU.ActiveCfg = Release|Any CPU
		{37AC6CF5-2F3F-4895-8C81-69154F3B8A87}.Release|Any CPU.Build.0 = Release|Any CPU
		{5EC367DD-D841-4039-A234-FE6D9EF703BC}.Debug|Any CPU.ActiveCfg = Debug|Any CPU
		{5EC367DD-D841-4039-A234-FE6D9EF703BC}.Debug|Any CPU.Build.0 = Debug|Any CPU
		{5EC367DD-D841-4039-A234-FE6D9EF703BC}.Release|Any CPU.ActiveCfg = Release|Any CPU
		{5EC367DD-D841-4039-A234-FE6D9EF703BC}.Release|Any CPU.Build.0 = Release|Any CPU
		{F9E3F24F-1F55-4110-AD29-23B01BB70699}.Debug|Any CPU.ActiveCfg = Debug|Any CPU
		{F9E3F24F-1F55-4110-AD29-23B01BB70699}.Debug|Any CPU.Build.0 = Debug|Any CPU
		{F9E3F24F-1F55-4110-AD29-23B01BB70699}.Release|Any CPU.ActiveCfg = Release|Any CPU
		{F9E3F24F-1F55-4110-AD29-23B01BB70699}.Release|Any CPU.Build.0 = Release|Any CPU
		{36B453B0-3732-49B8-A83E-83F7182E5169}.Debug|Any CPU.ActiveCfg = Debug|Any CPU
		{36B453B0-3732-49B8-A83E-83F7182E5169}.Debug|Any CPU.Build.0 = Debug|Any CPU
		{36B453B0-3732-49B8-A83E-83F7182E5169}.Release|Any CPU.ActiveCfg = Release|Any CPU
		{36B453B0-3732-49B8-A83E-83F7182E5169}.Release|Any CPU.Build.0 = Release|Any CPU
		{9BB965BB-99EE-46CF-ACB0-474AC3B91E04}.Debug|Any CPU.ActiveCfg = Debug|Any CPU
		{9BB965BB-99EE-46CF-ACB0-474AC3B91E04}.Debug|Any CPU.Build.0 = Debug|Any CPU
		{9BB965BB-99EE-46CF-ACB0-474AC3B91E04}.Release|Any CPU.ActiveCfg = Release|Any CPU
		{9BB965BB-99EE-46CF-ACB0-474AC3B91E04}.Release|Any CPU.Build.0 = Release|Any CPU
		{C359C5D1-4237-4441-95C2-8F12A51F2EFB}.Debug|Any CPU.ActiveCfg = Debug|Any CPU
		{C359C5D1-4237-4441-95C2-8F12A51F2EFB}.Debug|Any CPU.Build.0 = Debug|Any CPU
		{C359C5D1-4237-4441-95C2-8F12A51F2EFB}.Release|Any CPU.ActiveCfg = Release|Any CPU
		{C359C5D1-4237-4441-95C2-8F12A51F2EFB}.Release|Any CPU.Build.0 = Release|Any CPU
		{E1B031DC-CD23-42D7-A8F7-3D61C83298A5}.Debug|Any CPU.ActiveCfg = Debug|Any CPU
		{E1B031DC-CD23-42D7-A8F7-3D61C83298A5}.Debug|Any CPU.Build.0 = Debug|Any CPU
		{E1B031DC-CD23-42D7-A8F7-3D61C83298A5}.Release|Any CPU.ActiveCfg = Release|Any CPU
		{E1B031DC-CD23-42D7-A8F7-3D61C83298A5}.Release|Any CPU.Build.0 = Release|Any CPU
		{52D28B90-7157-4BC9-A654-8D667D259181}.Debug|Any CPU.ActiveCfg = Debug|Any CPU
		{52D28B90-7157-4BC9-A654-8D667D259181}.Debug|Any CPU.Build.0 = Debug|Any CPU
		{52D28B90-7157-4BC9-A654-8D667D259181}.Release|Any CPU.ActiveCfg = Release|Any CPU
		{52D28B90-7157-4BC9-A654-8D667D259181}.Release|Any CPU.Build.0 = Release|Any CPU
		{CAE0711B-57CB-4F59-8AFD-D74782C0713E}.Debug|Any CPU.ActiveCfg = Debug|Any CPU
		{CAE0711B-57CB-4F59-8AFD-D74782C0713E}.Debug|Any CPU.Build.0 = Debug|Any CPU
		{CAE0711B-57CB-4F59-8AFD-D74782C0713E}.Release|Any CPU.ActiveCfg = Release|Any CPU
		{CAE0711B-57CB-4F59-8AFD-D74782C0713E}.Release|Any CPU.Build.0 = Release|Any CPU
		{73C1EDA2-A221-4468-A0ED-A1422D460F66}.Debug|Any CPU.ActiveCfg = Debug|Any CPU
		{73C1EDA2-A221-4468-A0ED-A1422D460F66}.Debug|Any CPU.Build.0 = Debug|Any CPU
		{73C1EDA2-A221-4468-A0ED-A1422D460F66}.Release|Any CPU.ActiveCfg = Release|Any CPU
		{73C1EDA2-A221-4468-A0ED-A1422D460F66}.Release|Any CPU.Build.0 = Release|Any CPU
		{D8F8F091-724A-4A28-948E-322861C8A4BD}.Debug|Any CPU.ActiveCfg = Debug|Any CPU
		{D8F8F091-724A-4A28-948E-322861C8A4BD}.Debug|Any CPU.Build.0 = Debug|Any CPU
		{D8F8F091-724A-4A28-948E-322861C8A4BD}.Release|Any CPU.ActiveCfg = Release|Any CPU
		{D8F8F091-724A-4A28-948E-322861C8A4BD}.Release|Any CPU.Build.0 = Release|Any CPU
		{5533181D-E10E-4998-A3E2-F61741FD6DCF}.Debug|Any CPU.ActiveCfg = Debug|Any CPU
		{5533181D-E10E-4998-A3E2-F61741FD6DCF}.Debug|Any CPU.Build.0 = Debug|Any CPU
		{5533181D-E10E-4998-A3E2-F61741FD6DCF}.Release|Any CPU.ActiveCfg = Release|Any CPU
		{5533181D-E10E-4998-A3E2-F61741FD6DCF}.Release|Any CPU.Build.0 = Release|Any CPU
		{3B4DD320-19BA-4ED4-9EF6-A7060C701D89}.Debug|Any CPU.ActiveCfg = Debug|Any CPU
		{3B4DD320-19BA-4ED4-9EF6-A7060C701D89}.Debug|Any CPU.Build.0 = Debug|Any CPU
		{3B4DD320-19BA-4ED4-9EF6-A7060C701D89}.Release|Any CPU.ActiveCfg = Release|Any CPU
		{3B4DD320-19BA-4ED4-9EF6-A7060C701D89}.Release|Any CPU.Build.0 = Release|Any CPU
		{38FED857-FF8A-4D84-AA16-FC2309FD7D87}.Debug|Any CPU.ActiveCfg = Debug|Any CPU
		{38FED857-FF8A-4D84-AA16-FC2309FD7D87}.Debug|Any CPU.Build.0 = Debug|Any CPU
		{38FED857-FF8A-4D84-AA16-FC2309FD7D87}.Release|Any CPU.ActiveCfg = Release|Any CPU
		{38FED857-FF8A-4D84-AA16-FC2309FD7D87}.Release|Any CPU.Build.0 = Release|Any CPU
		{7663D6F3-E489-4479-93A1-1983FCB7AEB0}.Debug|Any CPU.ActiveCfg = Debug|Any CPU
		{7663D6F3-E489-4479-93A1-1983FCB7AEB0}.Debug|Any CPU.Build.0 = Debug|Any CPU
		{7663D6F3-E489-4479-93A1-1983FCB7AEB0}.Release|Any CPU.ActiveCfg = Release|Any CPU
		{7663D6F3-E489-4479-93A1-1983FCB7AEB0}.Release|Any CPU.Build.0 = Release|Any CPU
		{99482C95-CBD1-4D4B-8D91-36B03E98D09E}.Debug|Any CPU.ActiveCfg = Debug|Any CPU
		{99482C95-CBD1-4D4B-8D91-36B03E98D09E}.Debug|Any CPU.Build.0 = Debug|Any CPU
		{99482C95-CBD1-4D4B-8D91-36B03E98D09E}.Release|Any CPU.ActiveCfg = Release|Any CPU
		{99482C95-CBD1-4D4B-8D91-36B03E98D09E}.Release|Any CPU.Build.0 = Release|Any CPU
		{66F7EE40-77B2-462D-A467-D6B6F78702EC}.Debug|Any CPU.ActiveCfg = Debug|Any CPU
		{66F7EE40-77B2-462D-A467-D6B6F78702EC}.Debug|Any CPU.Build.0 = Debug|Any CPU
		{66F7EE40-77B2-462D-A467-D6B6F78702EC}.Release|Any CPU.ActiveCfg = Release|Any CPU
		{66F7EE40-77B2-462D-A467-D6B6F78702EC}.Release|Any CPU.Build.0 = Release|Any CPU
	EndGlobalSection
	GlobalSection(SolutionProperties) = preSolution
		HideSolutionNode = FALSE
	EndGlobalSection
	GlobalSection(NestedProjects) = preSolution
		{FDCCE6C2-F7E8-4023-94B9-3A5FFBFBE187} = {F96D35B1-2681-4DAF-808C-81C78B6FC693}
		{2DC1BF99-A599-42AC-8F59-1BAD685FDC65} = {F96D35B1-2681-4DAF-808C-81C78B6FC693}
		{37AC6CF5-2F3F-4895-8C81-69154F3B8A87} = {F96D35B1-2681-4DAF-808C-81C78B6FC693}
		{5EC367DD-D841-4039-A234-FE6D9EF703BC} = {F96D35B1-2681-4DAF-808C-81C78B6FC693}
		{F9E3F24F-1F55-4110-AD29-23B01BB70699} = {F96D35B1-2681-4DAF-808C-81C78B6FC693}
		{36B453B0-3732-49B8-A83E-83F7182E5169} = {F96D35B1-2681-4DAF-808C-81C78B6FC693}
		{9BB965BB-99EE-46CF-ACB0-474AC3B91E04} = {F96D35B1-2681-4DAF-808C-81C78B6FC693}
		{C359C5D1-4237-4441-95C2-8F12A51F2EFB} = {F96D35B1-2681-4DAF-808C-81C78B6FC693}
		{E1B031DC-CD23-42D7-A8F7-3D61C83298A5} = {F96D35B1-2681-4DAF-808C-81C78B6FC693}
		{52D28B90-7157-4BC9-A654-8D667D259181} = {F96D35B1-2681-4DAF-808C-81C78B6FC693}
		{CAE0711B-57CB-4F59-8AFD-D74782C0713E} = {F96D35B1-2681-4DAF-808C-81C78B6FC693}
		{73C1EDA2-A221-4468-A0ED-A1422D460F66} = {F96D35B1-2681-4DAF-808C-81C78B6FC693}
		{D8F8F091-724A-4A28-948E-322861C8A4BD} = {F96D35B1-2681-4DAF-808C-81C78B6FC693}
		{5533181D-E10E-4998-A3E2-F61741FD6DCF} = {F96D35B1-2681-4DAF-808C-81C78B6FC693}
		{3B4DD320-19BA-4ED4-9EF6-A7060C701D89} = {F96D35B1-2681-4DAF-808C-81C78B6FC693}
		{38FED857-FF8A-4D84-AA16-FC2309FD7D87} = {F96D35B1-2681-4DAF-808C-81C78B6FC693}
		{7663D6F3-E489-4479-93A1-1983FCB7AEB0} = {B7834228-755B-4364-9A3D-5F1EBB7E6A2C}
		{99482C95-CBD1-4D4B-8D91-36B03E98D09E} = {B7834228-755B-4364-9A3D-5F1EBB7E6A2C}
		{66F7EE40-77B2-462D-A467-D6B6F78702EC} = {F96D35B1-2681-4DAF-808C-81C78B6FC693}
	EndGlobalSection
	GlobalSection(ExtensibilityGlobals) = postSolution
		SolutionGuid = {28D25D34-56F8-4DE7-81B7-8247457B0170}
	EndGlobalSection
EndGlobal
