
Microsoft Visual Studio Solution File, Format Version 12.00
# Visual Studio Version 16
VisualStudioVersion = 16.0.29806.167
MinimumVisualStudioVersion = 10.0.40219.1
Project("{9A19103F-16F7-4668-BE54-9A1E7A4F7556}") = "test", "test\test.csproj", "{255F5CC2-9E7F-4035-BD97-908B953B48C3}"
EndProject
Project("{9A19103F-16F7-4668-BE54-9A1E7A4F7556}") = "Selenium02", "Selenium02\Selenium02.csproj", "{F49DDA78-3F70-46DC-A3FF-9B40288F5F9C}"
EndProject
Project("{9A19103F-16F7-4668-BE54-9A1E7A4F7556}") = "Selenium", "Selenium\Selenium.csproj", "{DE842622-B868-434F-A731-C360EBD8DA5E}"
EndProject
Global
	GlobalSection(SolutionConfigurationPlatforms) = preSolution
		Debug|Any CPU = Debug|Any CPU
		Release|Any CPU = Release|Any CPU
	EndGlobalSection
	GlobalSection(ProjectConfigurationPlatforms) = postSolution
		{255F5CC2-9E7F-4035-BD97-908B953B48C3}.Debug|Any CPU.ActiveCfg = Debug|Any CPU
		{255F5CC2-9E7F-4035-BD97-908B953B48C3}.Debug|Any CPU.Build.0 = Debug|Any CPU
		{255F5CC2-9E7F-4035-BD97-908B953B48C3}.Release|Any CPU.ActiveCfg = Release|Any CPU
		{255F5CC2-9E7F-4035-BD97-908B953B48C3}.Release|Any CPU.Build.0 = Release|Any CPU
		{F49DDA78-3F70-46DC-A3FF-9B40288F5F9C}.Debug|Any CPU.ActiveCfg = Debug|Any CPU
		{F49DDA78-3F70-46DC-A3FF-9B40288F5F9C}.Debug|Any CPU.Build.0 = Debug|Any CPU
		{F49DDA78-3F70-46DC-A3FF-9B40288F5F9C}.Release|Any CPU.ActiveCfg = Release|Any CPU
		{F49DDA78-3F70-46DC-A3FF-9B40288F5F9C}.Release|Any CPU.Build.0 = Release|Any CPU
		{DE842622-B868-434F-A731-C360EBD8DA5E}.Debug|Any CPU.ActiveCfg = Debug|Any CPU
		{DE842622-B868-434F-A731-C360EBD8DA5E}.Debug|Any CPU.Build.0 = Debug|Any CPU
		{DE842622-B868-434F-A731-C360EBD8DA5E}.Release|Any CPU.ActiveCfg = Release|Any CPU
		{DE842622-B868-434F-A731-C360EBD8DA5E}.Release|Any CPU.Build.0 = Release|Any CPU
	EndGlobalSection
	GlobalSection(SolutionProperties) = preSolution
		HideSolutionNode = FALSE
	EndGlobalSection
	GlobalSection(ExtensibilityGlobals) = postSolution
		SolutionGuid = {C82C304D-7695-4AD7-A166-63AB942D64FC}
	EndGlobalSection
EndGlobal
